
Microsoft Visual Studio Solution File, Format Version 12.00
# Visual Studio Version 16
VisualStudioVersion = 16.0.31129.286
MinimumVisualStudioVersion = 10.0.40219.1
Project("{9A19103F-16F7-4668-BE54-9A1E7A4F7556}") = "Exam", "Exam\Exam.csproj", "{9EBD26D3-ACC9-4CC2-8B4B-D2F39F8BF693}"
EndProject
Project("{FAE04EC0-301F-11D3-BF4B-00C04F79EFBC}") = "Quiz", "Quiz\Quiz.csproj", "{DCB57BF6-8793-485C-8268-87AC0E5B5BCD}"
EndProject
Project("{FAE04EC0-301F-11D3-BF4B-00C04F79EFBC}") = "Task3", "Task3\Task3.csproj", "{F0CC24E1-0A17-4975-B019-82D9C62ADCB5}"
EndProject
Global
	GlobalSection(SolutionConfigurationPlatforms) = preSolution
		Debug|Any CPU = Debug|Any CPU
		Release|Any CPU = Release|Any CPU
	EndGlobalSection
	GlobalSection(ProjectConfigurationPlatforms) = postSolution
		{9EBD26D3-ACC9-4CC2-8B4B-D2F39F8BF693}.Debug|Any CPU.ActiveCfg = Debug|Any CPU
		{9EBD26D3-ACC9-4CC2-8B4B-D2F39F8BF693}.Debug|Any CPU.Build.0 = Debug|Any CPU
		{9EBD26D3-ACC9-4CC2-8B4B-D2F39F8BF693}.Release|Any CPU.ActiveCfg = Release|Any CPU
		{9EBD26D3-ACC9-4CC2-8B4B-D2F39F8BF693}.Release|Any CPU.Build.0 = Release|Any CPU
		{DCB57BF6-8793-485C-8268-87AC0E5B5BCD}.Debug|Any CPU.ActiveCfg = Debug|Any CPU
		{DCB57BF6-8793-485C-8268-87AC0E5B5BCD}.Debug|Any CPU.Build.0 = Debug|Any CPU
		{DCB57BF6-8793-485C-8268-87AC0E5B5BCD}.Release|Any CPU.ActiveCfg = Release|Any CPU
		{DCB57BF6-8793-485C-8268-87AC0E5B5BCD}.Release|Any CPU.Build.0 = Release|Any CPU
		{F0CC24E1-0A17-4975-B019-82D9C62ADCB5}.Debug|Any CPU.ActiveCfg = Debug|Any CPU
		{F0CC24E1-0A17-4975-B019-82D9C62ADCB5}.Debug|Any CPU.Build.0 = Debug|Any CPU
		{F0CC24E1-0A17-4975-B019-82D9C62ADCB5}.Release|Any CPU.ActiveCfg = Release|Any CPU
		{F0CC24E1-0A17-4975-B019-82D9C62ADCB5}.Release|Any CPU.Build.0 = Release|Any CPU
	EndGlobalSection
	GlobalSection(SolutionProperties) = preSolution
		HideSolutionNode = FALSE
	EndGlobalSection
	GlobalSection(ExtensibilityGlobals) = postSolution
		SolutionGuid = {F9CEFFC1-DA70-4A19-BDD7-D1BE723F8CB3}
	EndGlobalSection
EndGlobal
